
Microsoft Visual Studio Solution File, Format Version 12.00
# Visual Studio Version 16
VisualStudioVersion = 16.0.31729.503
MinimumVisualStudioVersion = 10.0.40219.1
Project("{2150E333-8FDC-42A3-9474-1A3956D46DE8}") = "API", "API", "{94C6A17B-4466-4F15-A564-AD6F31828CC4}"
EndProject
Project("{2150E333-8FDC-42A3-9474-1A3956D46DE8}") = "Core", "Core", "{323F9FDB-7C36-49DB-A969-7711A2CD5424}"
EndProject
Project("{2150E333-8FDC-42A3-9474-1A3956D46DE8}") = "Infra", "Infra", "{AFEA7420-0C62-421C-9CF0-28FFC7E7011E}"
EndProject
Project("{2150E333-8FDC-42A3-9474-1A3956D46DE8}") = "Teste", "Teste", "{43803312-46E9-406D-9B5C-56D6DFE347D3}"
EndProject
Project("{9A19103F-16F7-4668-BE54-9A1E7A4F7556}") = "ProjetoMarluce2", "ProjetoMarluce2\ProjetoMarluce2.csproj", "{25916451-98E7-4F90-864A-B246973AC368}"
EndProject
Project("{9A19103F-16F7-4668-BE54-9A1E7A4F7556}") = "Application", "Application\Application.csproj", "{E6F4B9D4-E37A-445D-9223-6857A658D120}"
EndProject
Project("{9A19103F-16F7-4668-BE54-9A1E7A4F7556}") = "Domain", "Domain\Domain.csproj", "{2C75093E-F43D-4F2B-9F86-48B678148F7A}"
EndProject
Project("{9A19103F-16F7-4668-BE54-9A1E7A4F7556}") = "Data", "Data\Data.csproj", "{3EA4A588-80AF-4A1D-8043-93BCA593012C}"
EndProject
Project("{9A19103F-16F7-4668-BE54-9A1E7A4F7556}") = "Ioc", "Ioc\Ioc.csproj", "{9BC8D2D6-FD76-4B49-B3B8-D9325F7CB23C}"
EndProject
Project("{9A19103F-16F7-4668-BE54-9A1E7A4F7556}") = "Testes", "Testes\Testes.csproj", "{EF8417F5-D292-4BD4-8FD0-58C5A6A116D5}"
EndProject
Global
	GlobalSection(SolutionConfigurationPlatforms) = preSolution
		Debug|Any CPU = Debug|Any CPU
		Release|Any CPU = Release|Any CPU
	EndGlobalSection
	GlobalSection(ProjectConfigurationPlatforms) = postSolution
		{25916451-98E7-4F90-864A-B246973AC368}.Debug|Any CPU.ActiveCfg = Debug|Any CPU
		{25916451-98E7-4F90-864A-B246973AC368}.Debug|Any CPU.Build.0 = Debug|Any CPU
		{25916451-98E7-4F90-864A-B246973AC368}.Release|Any CPU.ActiveCfg = Release|Any CPU
		{25916451-98E7-4F90-864A-B246973AC368}.Release|Any CPU.Build.0 = Release|Any CPU
		{E6F4B9D4-E37A-445D-9223-6857A658D120}.Debug|Any CPU.ActiveCfg = Debug|Any CPU
		{E6F4B9D4-E37A-445D-9223-6857A658D120}.Debug|Any CPU.Build.0 = Debug|Any CPU
		{E6F4B9D4-E37A-445D-9223-6857A658D120}.Release|Any CPU.ActiveCfg = Release|Any CPU
		{E6F4B9D4-E37A-445D-9223-6857A658D120}.Release|Any CPU.Build.0 = Release|Any CPU
		{2C75093E-F43D-4F2B-9F86-48B678148F7A}.Debug|Any CPU.ActiveCfg = Debug|Any CPU
		{2C75093E-F43D-4F2B-9F86-48B678148F7A}.Debug|Any CPU.Build.0 = Debug|Any CPU
		{2C75093E-F43D-4F2B-9F86-48B678148F7A}.Release|Any CPU.ActiveCfg = Release|Any CPU
		{2C75093E-F43D-4F2B-9F86-48B678148F7A}.Release|Any CPU.Build.0 = Release|Any CPU
		{3EA4A588-80AF-4A1D-8043-93BCA593012C}.Debug|Any CPU.ActiveCfg = Debug|Any CPU
		{3EA4A588-80AF-4A1D-8043-93BCA593012C}.Debug|Any CPU.Build.0 = Debug|Any CPU
		{3EA4A588-80AF-4A1D-8043-93BCA593012C}.Release|Any CPU.ActiveCfg = Release|Any CPU
		{3EA4A588-80AF-4A1D-8043-93BCA593012C}.Release|Any CPU.Build.0 = Release|Any CPU
		{9BC8D2D6-FD76-4B49-B3B8-D9325F7CB23C}.Debug|Any CPU.ActiveCfg = Debug|Any CPU
		{9BC8D2D6-FD76-4B49-B3B8-D9325F7CB23C}.Debug|Any CPU.Build.0 = Debug|Any CPU
		{9BC8D2D6-FD76-4B49-B3B8-D9325F7CB23C}.Release|Any CPU.ActiveCfg = Release|Any CPU
		{9BC8D2D6-FD76-4B49-B3B8-D9325F7CB23C}.Release|Any CPU.Build.0 = Release|Any CPU
		{EF8417F5-D292-4BD4-8FD0-58C5A6A116D5}.Debug|Any CPU.ActiveCfg = Debug|Any CPU
		{EF8417F5-D292-4BD4-8FD0-58C5A6A116D5}.Debug|Any CPU.Build.0 = Debug|Any CPU
		{EF8417F5-D292-4BD4-8FD0-58C5A6A116D5}.Release|Any CPU.ActiveCfg = Release|Any CPU
		{EF8417F5-D292-4BD4-8FD0-58C5A6A116D5}.Release|Any CPU.Build.0 = Release|Any CPU
	EndGlobalSection
	GlobalSection(SolutionProperties) = preSolution
		HideSolutionNode = FALSE
	EndGlobalSection
	GlobalSection(NestedProjects) = preSolution
		{25916451-98E7-4F90-864A-B246973AC368} = {94C6A17B-4466-4F15-A564-AD6F31828CC4}
		{E6F4B9D4-E37A-445D-9223-6857A658D120} = {323F9FDB-7C36-49DB-A969-7711A2CD5424}
		{2C75093E-F43D-4F2B-9F86-48B678148F7A} = {323F9FDB-7C36-49DB-A969-7711A2CD5424}
		{3EA4A588-80AF-4A1D-8043-93BCA593012C} = {AFEA7420-0C62-421C-9CF0-28FFC7E7011E}
		{9BC8D2D6-FD76-4B49-B3B8-D9325F7CB23C} = {AFEA7420-0C62-421C-9CF0-28FFC7E7011E}
		{EF8417F5-D292-4BD4-8FD0-58C5A6A116D5} = {43803312-46E9-406D-9B5C-56D6DFE347D3}
	EndGlobalSection
	GlobalSection(ExtensibilityGlobals) = postSolution
		SolutionGuid = {30DFA110-969D-4EC7-A952-986EB07E5FF3}
	EndGlobalSection
EndGlobal
